
Microsoft Visual Studio Solution File, Format Version 12.00
# Visual Studio Version 17
VisualStudioVersion = 17.0.31903.59
MinimumVisualStudioVersion = 10.0.40219.1
Project("{2150E333-8FDC-42A3-9474-1A3956D46DE8}") = "src", "src", "{522054BB-BA22-47F9-8D96-4207A381B500}"
EndProject
Project("{2150E333-8FDC-42A3-9474-1A3956D46DE8}") = "tests", "tests", "{BAE0EF75-0041-4E24-A6D9-C64955712598}"
EndProject
Project("{2150E333-8FDC-42A3-9474-1A3956D46DE8}") = "UnitTests", "UnitTests", "{5F996085-8F9E-4DA6-9976-D1BAF9036CE8}"
	ProjectSection(SolutionItems) = preProject
		tests\UnitTests\README.md = tests\UnitTests\README.md
	EndProjectSection
EndProject
Project("{2150E333-8FDC-42A3-9474-1A3956D46DE8}") = "IntegrationTests", "IntegrationTests", "{FC3088F5-62F4-441B-9ED3-103E6F03E156}"
	ProjectSection(SolutionItems) = preProject
		tests\IntegrationTests\README.md = tests\IntegrationTests\README.md
	EndProjectSection
EndProject
Project("{2150E333-8FDC-42A3-9474-1A3956D46DE8}") = "SystemTests", "SystemTests", "{45712C11-AFD0-495D-B2EA-ED724674FE5C}"
	ProjectSection(SolutionItems) = preProject
		tests\SystemTests\README.md = tests\SystemTests\README.md
	EndProjectSection
EndProject
Project("{9A19103F-16F7-4668-BE54-9A1E7A4F7556}") = "API.Read.Tests", "tests\SystemTests\API.Read.Tests\API.Read.Tests.csproj", "{24290D89-2C92-4112-8D0A-281A7235FC2A}"
EndProject
Project("{9A19103F-16F7-4668-BE54-9A1E7A4F7556}") = "API.Write.Tests", "tests\SystemTests\API.Write.Tests\API.Write.Tests.csproj", "{398452D1-6A49-4468-A43B-A1ADEE6A6994}"
EndProject
Project("{2150E333-8FDC-42A3-9474-1A3956D46DE8}") = "API", "API", "{4648FC1E-B1CC-4789-BFA5-1512EEA5670A}"
EndProject
Project("{2150E333-8FDC-42A3-9474-1A3956D46DE8}") = "Application", "Application", "{E3FB2ECA-1184-4E62-A255-CE49E55B3897}"
EndProject
Project("{2150E333-8FDC-42A3-9474-1A3956D46DE8}") = "Domain", "Domain", "{43A8619A-0E23-4321-A064-B606D718D89B}"
EndProject
Project("{9A19103F-16F7-4668-BE54-9A1E7A4F7556}") = "Models", "src\API\Models\Models.csproj", "{100C67A1-C6C5-4553-93EA-127A1D89A0AC}"
EndProject
Project("{9A19103F-16F7-4668-BE54-9A1E7A4F7556}") = "Read", "src\API\Read\Read.csproj", "{BCBEFD2A-BC10-49B9-AB11-EF4268B10359}"
EndProject
Project("{9A19103F-16F7-4668-BE54-9A1E7A4F7556}") = "Shared", "src\API\Shared\Shared.csproj", "{61459F57-0973-447F-91BB-6810479DF218}"
EndProject
Project("{9A19103F-16F7-4668-BE54-9A1E7A4F7556}") = "Write", "src\API\Write\Write.csproj", "{C3DAF8D5-10DF-4957-8E96-C2BE9F007B29}"
EndProject
Project("{2150E333-8FDC-42A3-9474-1A3956D46DE8}") = "Persistence", "Persistence", "{B4DD37EA-6C56-4B47-8C37-390299A8DED7}"
EndProject
Project("{9A19103F-16F7-4668-BE54-9A1E7A4F7556}") = "Application", "src\Application\Application.csproj", "{5CE6A3D7-9E3B-44C3-93C3-75918F51AC7F}"
EndProject
Project("{9A19103F-16F7-4668-BE54-9A1E7A4F7556}") = "Domain", "src\Domain\Domain.csproj", "{BDB653DF-B66E-4CF1-8815-076409950AB2}"
EndProject
Project("{9A19103F-16F7-4668-BE54-9A1E7A4F7556}") = "Persistence", "src\Persistence\Persistence.csproj", "{A0F36A4F-0A1A-4767-BAFE-114171F2A1BB}"
EndProject
Project("{9A19103F-16F7-4668-BE54-9A1E7A4F7556}") = "UserRepositoryTests", "tests\IntegrationTests\UserRepositoryTests\UserRepositoryTests.csproj", "{C9509C8A-03FD-4256-A896-5F49FC15753F}"
EndProject
Project("{2150E333-8FDC-42A3-9474-1A3956D46DE8}") = "Shared", "Shared", "{F3A597F5-26FB-4136-B9ED-CF78CECC7F49}"
EndProject
Project("{9A19103F-16F7-4668-BE54-9A1E7A4F7556}") = "API.Shared.Tests", "tests\SystemTests\API.Shared.Tests\API.Shared.Tests.csproj", "{ED50733B-2325-41A7-BB85-BA29310F64E2}"
EndProject
Project("{9A19103F-16F7-4668-BE54-9A1E7A4F7556}") = "TestInfrastructure", "tests\Shared\TestInfrastructure\TestInfrastructure.csproj", "{D21F7576-53F1-4458-A360-117FFE3DE97A}"
EndProject
Project("{9A19103F-16F7-4668-BE54-9A1E7A4F7556}") = "API.Models.Shared.Tests", "tests\UnitTests\API.Models.Shared.Tests\API.Models.Shared.Tests.csproj", "{541BE450-27AE-4F40-99A3-F67C953A072B}"
EndProject
Project("{FAE04EC0-301F-11D3-BF4B-00C04F79EFBC}") = "Domain.Models.Tests", "tests\UnitTests\Domain.Models.Tests\Domain.Models.Tests.csproj", "{F1AD3B58-204D-4418-A1CE-99DA89933C2D}"
EndProject
Global
	GlobalSection(SolutionConfigurationPlatforms) = preSolution
		Debug|Any CPU = Debug|Any CPU
		Release|Any CPU = Release|Any CPU
	EndGlobalSection
	GlobalSection(ProjectConfigurationPlatforms) = postSolution
		{24290D89-2C92-4112-8D0A-281A7235FC2A}.Debug|Any CPU.ActiveCfg = Debug|Any CPU
		{24290D89-2C92-4112-8D0A-281A7235FC2A}.Debug|Any CPU.Build.0 = Debug|Any CPU
		{24290D89-2C92-4112-8D0A-281A7235FC2A}.Release|Any CPU.ActiveCfg = Release|Any CPU
		{24290D89-2C92-4112-8D0A-281A7235FC2A}.Release|Any CPU.Build.0 = Release|Any CPU
		{398452D1-6A49-4468-A43B-A1ADEE6A6994}.Debug|Any CPU.ActiveCfg = Debug|Any CPU
		{398452D1-6A49-4468-A43B-A1ADEE6A6994}.Debug|Any CPU.Build.0 = Debug|Any CPU
		{398452D1-6A49-4468-A43B-A1ADEE6A6994}.Release|Any CPU.ActiveCfg = Release|Any CPU
		{398452D1-6A49-4468-A43B-A1ADEE6A6994}.Release|Any CPU.Build.0 = Release|Any CPU
		{100C67A1-C6C5-4553-93EA-127A1D89A0AC}.Debug|Any CPU.ActiveCfg = Debug|Any CPU
		{100C67A1-C6C5-4553-93EA-127A1D89A0AC}.Debug|Any CPU.Build.0 = Debug|Any CPU
		{100C67A1-C6C5-4553-93EA-127A1D89A0AC}.Release|Any CPU.ActiveCfg = Release|Any CPU
		{100C67A1-C6C5-4553-93EA-127A1D89A0AC}.Release|Any CPU.Build.0 = Release|Any CPU
		{BCBEFD2A-BC10-49B9-AB11-EF4268B10359}.Debug|Any CPU.ActiveCfg = Debug|Any CPU
		{BCBEFD2A-BC10-49B9-AB11-EF4268B10359}.Debug|Any CPU.Build.0 = Debug|Any CPU
		{BCBEFD2A-BC10-49B9-AB11-EF4268B10359}.Release|Any CPU.ActiveCfg = Release|Any CPU
		{BCBEFD2A-BC10-49B9-AB11-EF4268B10359}.Release|Any CPU.Build.0 = Release|Any CPU
		{61459F57-0973-447F-91BB-6810479DF218}.Debug|Any CPU.ActiveCfg = Debug|Any CPU
		{61459F57-0973-447F-91BB-6810479DF218}.Debug|Any CPU.Build.0 = Debug|Any CPU
		{61459F57-0973-447F-91BB-6810479DF218}.Release|Any CPU.ActiveCfg = Release|Any CPU
		{61459F57-0973-447F-91BB-6810479DF218}.Release|Any CPU.Build.0 = Release|Any CPU
		{C3DAF8D5-10DF-4957-8E96-C2BE9F007B29}.Debug|Any CPU.ActiveCfg = Debug|Any CPU
		{C3DAF8D5-10DF-4957-8E96-C2BE9F007B29}.Debug|Any CPU.Build.0 = Debug|Any CPU
		{C3DAF8D5-10DF-4957-8E96-C2BE9F007B29}.Release|Any CPU.ActiveCfg = Release|Any CPU
		{C3DAF8D5-10DF-4957-8E96-C2BE9F007B29}.Release|Any CPU.Build.0 = Release|Any CPU
		{5CE6A3D7-9E3B-44C3-93C3-75918F51AC7F}.Debug|Any CPU.ActiveCfg = Debug|Any CPU
		{5CE6A3D7-9E3B-44C3-93C3-75918F51AC7F}.Debug|Any CPU.Build.0 = Debug|Any CPU
		{5CE6A3D7-9E3B-44C3-93C3-75918F51AC7F}.Release|Any CPU.ActiveCfg = Release|Any CPU
		{5CE6A3D7-9E3B-44C3-93C3-75918F51AC7F}.Release|Any CPU.Build.0 = Release|Any CPU
		{BDB653DF-B66E-4CF1-8815-076409950AB2}.Debug|Any CPU.ActiveCfg = Debug|Any CPU
		{BDB653DF-B66E-4CF1-8815-076409950AB2}.Debug|Any CPU.Build.0 = Debug|Any CPU
		{BDB653DF-B66E-4CF1-8815-076409950AB2}.Release|Any CPU.ActiveCfg = Release|Any CPU
		{BDB653DF-B66E-4CF1-8815-076409950AB2}.Release|Any CPU.Build.0 = Release|Any CPU
		{A0F36A4F-0A1A-4767-BAFE-114171F2A1BB}.Debug|Any CPU.ActiveCfg = Debug|Any CPU
		{A0F36A4F-0A1A-4767-BAFE-114171F2A1BB}.Debug|Any CPU.Build.0 = Debug|Any CPU
		{A0F36A4F-0A1A-4767-BAFE-114171F2A1BB}.Release|Any CPU.ActiveCfg = Release|Any CPU
		{A0F36A4F-0A1A-4767-BAFE-114171F2A1BB}.Release|Any CPU.Build.0 = Release|Any CPU
		{C9509C8A-03FD-4256-A896-5F49FC15753F}.Debug|Any CPU.ActiveCfg = Debug|Any CPU
		{C9509C8A-03FD-4256-A896-5F49FC15753F}.Debug|Any CPU.Build.0 = Debug|Any CPU
		{C9509C8A-03FD-4256-A896-5F49FC15753F}.Release|Any CPU.ActiveCfg = Release|Any CPU
		{C9509C8A-03FD-4256-A896-5F49FC15753F}.Release|Any CPU.Build.0 = Release|Any CPU
		{ED50733B-2325-41A7-BB85-BA29310F64E2}.Debug|Any CPU.ActiveCfg = Debug|Any CPU
		{ED50733B-2325-41A7-BB85-BA29310F64E2}.Debug|Any CPU.Build.0 = Debug|Any CPU
		{ED50733B-2325-41A7-BB85-BA29310F64E2}.Release|Any CPU.ActiveCfg = Release|Any CPU
		{ED50733B-2325-41A7-BB85-BA29310F64E2}.Release|Any CPU.Build.0 = Release|Any CPU
		{D21F7576-53F1-4458-A360-117FFE3DE97A}.Debug|Any CPU.ActiveCfg = Debug|Any CPU
		{D21F7576-53F1-4458-A360-117FFE3DE97A}.Debug|Any CPU.Build.0 = Debug|Any CPU
		{D21F7576-53F1-4458-A360-117FFE3DE97A}.Release|Any CPU.ActiveCfg = Release|Any CPU
		{D21F7576-53F1-4458-A360-117FFE3DE97A}.Release|Any CPU.Build.0 = Release|Any CPU
		{541BE450-27AE-4F40-99A3-F67C953A072B}.Debug|Any CPU.ActiveCfg = Debug|Any CPU
		{541BE450-27AE-4F40-99A3-F67C953A072B}.Debug|Any CPU.Build.0 = Debug|Any CPU
		{541BE450-27AE-4F40-99A3-F67C953A072B}.Release|Any CPU.ActiveCfg = Release|Any CPU
		{541BE450-27AE-4F40-99A3-F67C953A072B}.Release|Any CPU.Build.0 = Release|Any CPU
		{F1AD3B58-204D-4418-A1CE-99DA89933C2D}.Debug|Any CPU.ActiveCfg = Debug|Any CPU
		{F1AD3B58-204D-4418-A1CE-99DA89933C2D}.Debug|Any CPU.Build.0 = Debug|Any CPU
		{F1AD3B58-204D-4418-A1CE-99DA89933C2D}.Release|Any CPU.ActiveCfg = Release|Any CPU
		{F1AD3B58-204D-4418-A1CE-99DA89933C2D}.Release|Any CPU.Build.0 = Release|Any CPU
	EndGlobalSection
	GlobalSection(SolutionProperties) = preSolution
		HideSolutionNode = FALSE
	EndGlobalSection
	GlobalSection(NestedProjects) = preSolution
		{5F996085-8F9E-4DA6-9976-D1BAF9036CE8} = {BAE0EF75-0041-4E24-A6D9-C64955712598}
		{FC3088F5-62F4-441B-9ED3-103E6F03E156} = {BAE0EF75-0041-4E24-A6D9-C64955712598}
		{45712C11-AFD0-495D-B2EA-ED724674FE5C} = {BAE0EF75-0041-4E24-A6D9-C64955712598}
		{24290D89-2C92-4112-8D0A-281A7235FC2A} = {45712C11-AFD0-495D-B2EA-ED724674FE5C}
		{398452D1-6A49-4468-A43B-A1ADEE6A6994} = {45712C11-AFD0-495D-B2EA-ED724674FE5C}
		{4648FC1E-B1CC-4789-BFA5-1512EEA5670A} = {522054BB-BA22-47F9-8D96-4207A381B500}
		{E3FB2ECA-1184-4E62-A255-CE49E55B3897} = {522054BB-BA22-47F9-8D96-4207A381B500}
		{43A8619A-0E23-4321-A064-B606D718D89B} = {522054BB-BA22-47F9-8D96-4207A381B500}
		{100C67A1-C6C5-4553-93EA-127A1D89A0AC} = {4648FC1E-B1CC-4789-BFA5-1512EEA5670A}
		{BCBEFD2A-BC10-49B9-AB11-EF4268B10359} = {4648FC1E-B1CC-4789-BFA5-1512EEA5670A}
		{61459F57-0973-447F-91BB-6810479DF218} = {4648FC1E-B1CC-4789-BFA5-1512EEA5670A}
		{C3DAF8D5-10DF-4957-8E96-C2BE9F007B29} = {4648FC1E-B1CC-4789-BFA5-1512EEA5670A}
		{B4DD37EA-6C56-4B47-8C37-390299A8DED7} = {522054BB-BA22-47F9-8D96-4207A381B500}
		{5CE6A3D7-9E3B-44C3-93C3-75918F51AC7F} = {E3FB2ECA-1184-4E62-A255-CE49E55B3897}
		{BDB653DF-B66E-4CF1-8815-076409950AB2} = {43A8619A-0E23-4321-A064-B606D718D89B}
		{A0F36A4F-0A1A-4767-BAFE-114171F2A1BB} = {B4DD37EA-6C56-4B47-8C37-390299A8DED7}
		{C9509C8A-03FD-4256-A896-5F49FC15753F} = {FC3088F5-62F4-441B-9ED3-103E6F03E156}
		{F3A597F5-26FB-4136-B9ED-CF78CECC7F49} = {BAE0EF75-0041-4E24-A6D9-C64955712598}
		{ED50733B-2325-41A7-BB85-BA29310F64E2} = {45712C11-AFD0-495D-B2EA-ED724674FE5C}
		{D21F7576-53F1-4458-A360-117FFE3DE97A} = {F3A597F5-26FB-4136-B9ED-CF78CECC7F49}
		{541BE450-27AE-4F40-99A3-F67C953A072B} = {5F996085-8F9E-4DA6-9976-D1BAF9036CE8}
		{F1AD3B58-204D-4418-A1CE-99DA89933C2D} = {5F996085-8F9E-4DA6-9976-D1BAF9036CE8}
	EndGlobalSection
	GlobalSection(ExtensibilityGlobals) = postSolution
		SolutionGuid = {2D352126-3CF8-48AE-9A26-7AD7B94FCCB5}
	EndGlobalSection
EndGlobal
